
Microsoft Visual Studio Solution File, Format Version 12.00
# Visual Studio Version 16
VisualStudioVersion = 16.0.29020.237
MinimumVisualStudioVersion = 10.0.40219.1
Project("{9A19103F-16F7-4668-BE54-9A1E7A4F7556}") = "Classes", "Classes\Classes.csproj", "{705BED1E-0575-4E49-8B86-654ECFC2FF5B}"
EndProject
Project("{9A19103F-16F7-4668-BE54-9A1E7A4F7556}") = "Classes2", "Classes2\Classes2.csproj", "{3A04A68C-C1A6-4203-9FDD-CF9129188518}"
EndProject
Project("{9A19103F-16F7-4668-BE54-9A1E7A4F7556}") = "Inheritance", "Inheritance\Inheritance.csproj", "{75D30572-1896-46E8-8828-46668C2AC164}"
EndProject
Project("{9A19103F-16F7-4668-BE54-9A1E7A4F7556}") = "Abstraction", "Abstraction\Abstraction.csproj", "{326D00EE-93B0-446A-81FE-A0CD28A04335}"
EndProject
Project("{9A19103F-16F7-4668-BE54-9A1E7A4F7556}") = "Arrays", "Arrays\Arrays.csproj", "{A61E8A23-324F-4B58-B04E-CBD17B72D2D6}"
EndProject
Project("{9A19103F-16F7-4668-BE54-9A1E7A4F7556}") = "StaticClasses", "StaticClasses\StaticClasses.csproj", "{CA663AAB-51A2-4C8E-8EEF-8B203D8F6DB2}"
EndProject
Project("{9A19103F-16F7-4668-BE54-9A1E7A4F7556}") = "Structures", "Structures\Structures.csproj", "{53ABE0A8-E860-452D-BD15-52B65CEFE40E}"
EndProject
Project("{9A19103F-16F7-4668-BE54-9A1E7A4F7556}") = "Structures2", "Structures2\Structures2.csproj", "{E299B50B-B8A2-4DF2-B710-8A910DD6685D}"
EndProject
Project("{9A19103F-16F7-4668-BE54-9A1E7A4F7556}") = "Delegates", "Delegates\Delegates.csproj", "{8494DA1C-1809-4816-95E8-0981A0D263EA}"
EndProject
Project("{9A19103F-16F7-4668-BE54-9A1E7A4F7556}") = "Generics", "Generics\Generics.csproj", "{5D81C361-C80D-4B04-B2D5-50A395B62BD5}"
EndProject
Project("{9A19103F-16F7-4668-BE54-9A1E7A4F7556}") = "Generics2", "Generics2\Generics2.csproj", "{721BE2B1-967D-4383-BA7D-3415994AECBE}"
EndProject
Project("{9A19103F-16F7-4668-BE54-9A1E7A4F7556}") = "Exceptions", "Exceptions\Exceptions.csproj", "{ADD0A64D-9B75-4D9C-A06A-40414636D441}"
EndProject
Project("{FAE04EC0-301F-11D3-BF4B-00C04F79EFBC}") = "Linq", "Linq\Linq.csproj", "{3AC4BAE1-86F5-41E2-A4B9-7B7C63323517}"
EndProject
Project("{FAE04EC0-301F-11D3-BF4B-00C04F79EFBC}") = "Operators", "Operators\Operators.csproj", "{A9855D36-B1A9-48D9-AD33-BEB90EE497C5}"
EndProject
Project("{9A19103F-16F7-4668-BE54-9A1E7A4F7556}") = "Collections", "Collections\Collections.csproj", "{EF2B444F-55B2-42E3-BA2A-621EAE8BCD07}"
EndProject
Project("{FAE04EC0-301F-11D3-BF4B-00C04F79EFBC}") = "Events", "Events\Events.csproj", "{E8892267-2583-4797-A731-FC01C69BD907}"
EndProject
Global
	GlobalSection(SolutionConfigurationPlatforms) = preSolution
		Debug|Any CPU = Debug|Any CPU
		Release|Any CPU = Release|Any CPU
	EndGlobalSection
	GlobalSection(ProjectConfigurationPlatforms) = postSolution
		{705BED1E-0575-4E49-8B86-654ECFC2FF5B}.Debug|Any CPU.ActiveCfg = Debug|Any CPU
		{705BED1E-0575-4E49-8B86-654ECFC2FF5B}.Debug|Any CPU.Build.0 = Debug|Any CPU
		{705BED1E-0575-4E49-8B86-654ECFC2FF5B}.Release|Any CPU.ActiveCfg = Release|Any CPU
		{705BED1E-0575-4E49-8B86-654ECFC2FF5B}.Release|Any CPU.Build.0 = Release|Any CPU
		{3A04A68C-C1A6-4203-9FDD-CF9129188518}.Debug|Any CPU.ActiveCfg = Debug|Any CPU
		{3A04A68C-C1A6-4203-9FDD-CF9129188518}.Debug|Any CPU.Build.0 = Debug|Any CPU
		{3A04A68C-C1A6-4203-9FDD-CF9129188518}.Release|Any CPU.ActiveCfg = Release|Any CPU
		{3A04A68C-C1A6-4203-9FDD-CF9129188518}.Release|Any CPU.Build.0 = Release|Any CPU
		{75D30572-1896-46E8-8828-46668C2AC164}.Debug|Any CPU.ActiveCfg = Debug|Any CPU
		{75D30572-1896-46E8-8828-46668C2AC164}.Debug|Any CPU.Build.0 = Debug|Any CPU
		{75D30572-1896-46E8-8828-46668C2AC164}.Release|Any CPU.ActiveCfg = Release|Any CPU
		{75D30572-1896-46E8-8828-46668C2AC164}.Release|Any CPU.Build.0 = Release|Any CPU
		{326D00EE-93B0-446A-81FE-A0CD28A04335}.Debug|Any CPU.ActiveCfg = Debug|Any CPU
		{326D00EE-93B0-446A-81FE-A0CD28A04335}.Debug|Any CPU.Build.0 = Debug|Any CPU
		{326D00EE-93B0-446A-81FE-A0CD28A04335}.Release|Any CPU.ActiveCfg = Release|Any CPU
		{326D00EE-93B0-446A-81FE-A0CD28A04335}.Release|Any CPU.Build.0 = Release|Any CPU
		{A61E8A23-324F-4B58-B04E-CBD17B72D2D6}.Debug|Any CPU.ActiveCfg = Debug|Any CPU
		{A61E8A23-324F-4B58-B04E-CBD17B72D2D6}.Debug|Any CPU.Build.0 = Debug|Any CPU
		{A61E8A23-324F-4B58-B04E-CBD17B72D2D6}.Release|Any CPU.ActiveCfg = Release|Any CPU
		{A61E8A23-324F-4B58-B04E-CBD17B72D2D6}.Release|Any CPU.Build.0 = Release|Any CPU
		{CA663AAB-51A2-4C8E-8EEF-8B203D8F6DB2}.Debug|Any CPU.ActiveCfg = Debug|Any CPU
		{CA663AAB-51A2-4C8E-8EEF-8B203D8F6DB2}.Debug|Any CPU.Build.0 = Debug|Any CPU
		{CA663AAB-51A2-4C8E-8EEF-8B203D8F6DB2}.Release|Any CPU.ActiveCfg = Release|Any CPU
		{CA663AAB-51A2-4C8E-8EEF-8B203D8F6DB2}.Release|Any CPU.Build.0 = Release|Any CPU
		{53ABE0A8-E860-452D-BD15-52B65CEFE40E}.Debug|Any CPU.ActiveCfg = Debug|Any CPU
		{53ABE0A8-E860-452D-BD15-52B65CEFE40E}.Debug|Any CPU.Build.0 = Debug|Any CPU
		{53ABE0A8-E860-452D-BD15-52B65CEFE40E}.Release|Any CPU.ActiveCfg = Release|Any CPU
		{53ABE0A8-E860-452D-BD15-52B65CEFE40E}.Release|Any CPU.Build.0 = Release|Any CPU
		{E299B50B-B8A2-4DF2-B710-8A910DD6685D}.Debug|Any CPU.ActiveCfg = Debug|Any CPU
		{E299B50B-B8A2-4DF2-B710-8A910DD6685D}.Debug|Any CPU.Build.0 = Debug|Any CPU
		{E299B50B-B8A2-4DF2-B710-8A910DD6685D}.Release|Any CPU.ActiveCfg = Release|Any CPU
		{E299B50B-B8A2-4DF2-B710-8A910DD6685D}.Release|Any CPU.Build.0 = Release|Any CPU
		{8494DA1C-1809-4816-95E8-0981A0D263EA}.Debug|Any CPU.ActiveCfg = Debug|Any CPU
		{8494DA1C-1809-4816-95E8-0981A0D263EA}.Debug|Any CPU.Build.0 = Debug|Any CPU
		{8494DA1C-1809-4816-95E8-0981A0D263EA}.Release|Any CPU.ActiveCfg = Release|Any CPU
		{8494DA1C-1809-4816-95E8-0981A0D263EA}.Release|Any CPU.Build.0 = Release|Any CPU
		{5D81C361-C80D-4B04-B2D5-50A395B62BD5}.Debug|Any CPU.ActiveCfg = Debug|Any CPU
		{5D81C361-C80D-4B04-B2D5-50A395B62BD5}.Debug|Any CPU.Build.0 = Debug|Any CPU
		{5D81C361-C80D-4B04-B2D5-50A395B62BD5}.Release|Any CPU.ActiveCfg = Release|Any CPU
		{5D81C361-C80D-4B04-B2D5-50A395B62BD5}.Release|Any CPU.Build.0 = Release|Any CPU
		{721BE2B1-967D-4383-BA7D-3415994AECBE}.Debug|Any CPU.ActiveCfg = Debug|Any CPU
		{721BE2B1-967D-4383-BA7D-3415994AECBE}.Debug|Any CPU.Build.0 = Debug|Any CPU
		{721BE2B1-967D-4383-BA7D-3415994AECBE}.Release|Any CPU.ActiveCfg = Release|Any CPU
		{721BE2B1-967D-4383-BA7D-3415994AECBE}.Release|Any CPU.Build.0 = Release|Any CPU
		{ADD0A64D-9B75-4D9C-A06A-40414636D441}.Debug|Any CPU.ActiveCfg = Debug|Any CPU
		{ADD0A64D-9B75-4D9C-A06A-40414636D441}.Debug|Any CPU.Build.0 = Debug|Any CPU
		{ADD0A64D-9B75-4D9C-A06A-40414636D441}.Release|Any CPU.ActiveCfg = Release|Any CPU
		{ADD0A64D-9B75-4D9C-A06A-40414636D441}.Release|Any CPU.Build.0 = Release|Any CPU
		{E8892267-2583-4797-A731-FC01C69BD907}.Debug|Any CPU.ActiveCfg = Debug|Any CPU
		{E8892267-2583-4797-A731-FC01C69BD907}.Debug|Any CPU.Build.0 = Debug|Any CPU
		{E8892267-2583-4797-A731-FC01C69BD907}.Release|Any CPU.ActiveCfg = Release|Any CPU
		{E8892267-2583-4797-A731-FC01C69BD907}.Release|Any CPU.Build.0 = Release|Any CPU
		{3AC4BAE1-86F5-41E2-A4B9-7B7C63323517}.Debug|Any CPU.ActiveCfg = Debug|Any CPU
		{3AC4BAE1-86F5-41E2-A4B9-7B7C63323517}.Debug|Any CPU.Build.0 = Debug|Any CPU
		{3AC4BAE1-86F5-41E2-A4B9-7B7C63323517}.Release|Any CPU.ActiveCfg = Release|Any CPU
		{3AC4BAE1-86F5-41E2-A4B9-7B7C63323517}.Release|Any CPU.Build.0 = Release|Any CPU
		{A9855D36-B1A9-48D9-AD33-BEB90EE497C5}.Debug|Any CPU.ActiveCfg = Debug|Any CPU
		{A9855D36-B1A9-48D9-AD33-BEB90EE497C5}.Debug|Any CPU.Build.0 = Debug|Any CPU
		{A9855D36-B1A9-48D9-AD33-BEB90EE497C5}.Release|Any CPU.ActiveCfg = Release|Any CPU
		{A9855D36-B1A9-48D9-AD33-BEB90EE497C5}.Release|Any CPU.Build.0 = Release|Any CPU
		{EF2B444F-55B2-42E3-BA2A-621EAE8BCD07}.Debug|Any CPU.ActiveCfg = Debug|Any CPU
		{EF2B444F-55B2-42E3-BA2A-621EAE8BCD07}.Debug|Any CPU.Build.0 = Debug|Any CPU
		{EF2B444F-55B2-42E3-BA2A-621EAE8BCD07}.Release|Any CPU.ActiveCfg = Release|Any CPU
		{EF2B444F-55B2-42E3-BA2A-621EAE8BCD07}.Release|Any CPU.Build.0 = Release|Any CPU
	EndGlobalSection
	GlobalSection(SolutionProperties) = preSolution
		HideSolutionNode = FALSE
	EndGlobalSection
	GlobalSection(ExtensibilityGlobals) = postSolution
		SolutionGuid = {EF9DC9CD-8DF0-43BB-BC97-8FF9C22CAC36}
	EndGlobalSection
EndGlobal
